// !$*UTF8*$!
{
	archiveVersion = 1;
	classes = {
	};
	objectVersion = 46;
	objects = {

/* Begin PBXBuildFile section */
		DD5119051CA2E7C800B6EC51 /* AppDelegate.swift in Sources */ = {isa = PBXBuildFile; fileRef = DD5119041CA2E7C800B6EC51 /* AppDelegate.swift */; };
		DD5119071CA2E7C800B6EC51 /* ViewController.swift in Sources */ = {isa = PBXBuildFile; fileRef = DD5119061CA2E7C800B6EC51 /* ViewController.swift */; };
		DD51190A1CA2E7C800B6EC51 /* Main.storyboard in Resources */ = {isa = PBXBuildFile; fileRef = DD5119081CA2E7C800B6EC51 /* Main.storyboard */; };
		DD51190C1CA2E7C800B6EC51 /* Assets.xcassets in Resources */ = {isa = PBXBuildFile; fileRef = DD51190B1CA2E7C800B6EC51 /* Assets.xcassets */; };
		DD51190F1CA2E7C800B6EC51 /* LaunchScreen.storyboard in Resources */ = {isa = PBXBuildFile; fileRef = DD51190D1CA2E7C800B6EC51 /* LaunchScreen.storyboard */; };
/* End PBXBuildFile section */

/* Begin PBXFileReference section */
		DD5119011CA2E7C800B6EC51 /* TestingGit.app */ = {isa = PBXFileReference; explicitFileType = wrapper.application; includeInIndex = 0; path = TestingGit.app; sourceTree = BUILT_PRODUCTS_DIR; };
		DD5119041CA2E7C800B6EC51 /* AppDelegate.swift */ = {isa = PBXFileReference; lastKnownFileType = sourcecode.swift; path = AppDelegate.swift; sourceTree = "<group>"; };
		DD5119061CA2E7C800B6EC51 /* ViewController.swift */ = {isa = PBXFileReference; lastKnownFileType = sourcecode.swift; path = ViewController.swift; sourceTree = "<group>"; };
		DD5119091CA2E7C800B6EC51 /* Base */ = {isa = PBXFileReference; lastKnownFileType = file.storyboard; name = Base; path = Base.lproj/Main.storyboard; sourceTree = "<group>"; };
		DD51190B1CA2E7C800B6EC51 /* Assets.xcassets */ = {isa = PBXFileReference; lastKnownFileType = folder.assetcatalog; path = Assets.xcassets; sourceTree = "<group>"; };
		DD51190E1CA2E7C800B6EC51 /* Base */ = {isa = PBXFileReference; lastKnownFileType = file.storyboard; name = Base; path = Base.lproj/LaunchScreen.storyboard; sourceTree = "<group>"; };
		DD5119101CA2E7C800B6EC51 /* Info.plist */ = {isa = PBXFileReference; lastKnownFileType = text.plist.xml; path = Info.plist; sourceTree = "<group>"; };
/* End PBXFileReference section */

/* Begin PBXFrameworksBuildPhase section */
		DD5118FE1CA2E7C800B6EC51 /* Frameworks */ = {
			isa = PBXFrameworksBuildPhase;
			buildActionMask = 2147483647;
			files = (
			);
			runOnlyForDeploymentPostprocessing = 0;
		};
/* End PBXFrameworksBuildPhase section */

/* Begin PBXGroup section */
		DD5118F81CA2E7C800B6EC51 = {
			isa = PBXGroup;
			children = (
				DD5119031CA2E7C800B6EC51 /* TestingGit */,
				DD5119021CA2E7C800B6EC51 /* Products */,
			);
			sourceTree = "<group>";
		};
		DD5119021CA2E7C800B6EC51 /* Products */ = {
			isa = PBXGroup;
			children = (
				DD5119011CA2E7C800B6EC51 /* TestingGit.app */,
			);
			name = Products;
			sourceTree = "<group>";
		};
		DD5119031CA2E7C800B6EC51 /* TestingGit */ = {
			isa = PBXGroup;
			children = (
				DD5119041CA2E7C800B6EC51 /* AppDelegate.swift */,
				DD5119061CA2E7C800B6EC51 /* ViewController.swift */,
				DD5119081CA2E7C800B6EC51 /* Main.storyboard */,
				DD51190B1CA2E7C800B6EC51 /* Assets.xcassets */,
				DD51190D1CA2E7C800B6EC51 /* LaunchScreen.storyboard */,
				DD5119101CA2E7C800B6EC51 /* Info.plist */,
			);
			path = TestingGit;
			sourceTree = "<group>";
		};
/* End PBXGroup section */

/* Begin PBXNativeTarget section */
		DD5119001CA2E7C800B6EC51 /* TestingGit */ = {
			isa = PBXNativeTarget;
			buildConfigurationList = DD5119131CA2E7C800B6EC51 /* Build configuration list for PBXNativeTarget "TestingGit" */;
			buildPhases = (
				DD5118FD1CA2E7C800B6EC51 /* Sources */,
				DD5118FE1CA2E7C800B6EC51 /* Frameworks */,
				DD5118FF1CA2E7C800B6EC51 /* Resources */,
			);
			buildRules = (
			);
			dependencies = (
			);
			name = TestingGit;
			productName = TestingGit;
			productReference = DD5119011CA2E7C800B6EC51 /* TestingGit.app */;
			productType = "com.apple.product-type.application";
		};
/* End PBXNativeTarget section */

/* Begin PBXProject section */
		DD5118F91CA2E7C800B6EC51 /* Project object */ = {
			isa = PBXProject;
			attributes = {
				LastSwiftUpdateCheck = 0720;
				LastUpgradeCheck = 0720;
				ORGANIZATIONNAME = "Parker Donat";
				TargetAttributes = {
					DD5119001CA2E7C800B6EC51 = {
						CreatedOnToolsVersion = 7.2.1;
					};
				};
			};
			buildConfigurationList = DD5118FC1CA2E7C800B6EC51 /* Build configuration list for PBXProject "TestingGit" */;
			compatibilityVersion = "Xcode 3.2";
			developmentRegion = English;
			hasScannedForEncodings = 0;
			knownRegions = (
				en,
				Base,
			);
			mainGroup = DD5118F81CA2E7C800B6EC51;
			productRefGroup = DD5119021CA2E7C800B6EC51 /* Products */;
			projectDirPath = "";
			projectRoot = "";
			targets = (
				DD5119001CA2E7C800B6EC51 /* TestingGit */,
			);
		};
/* End PBXProject section */

/* Begin PBXResourcesBuildPhase section */
		DD5118FF1CA2E7C800B6EC51 /* Resources */ = {
			isa = PBXResourcesBuildPhase;
			buildActionMask = 2147483647;
			files = (
				DD51190F1CA2E7C800B6EC51 /* LaunchScreen.storyboard in Resources */,
				DD51190C1CA2E7C800B6EC51 /* Assets.xcassets in Resources */,
				DD51190A1CA2E7C800B6EC51 /* Main.storyboard in Resources */,
			);
			runOnlyForDeploymentPostprocessing = 0;
		};
/* End PBXResourcesBuildPhase section */

/* Begin PBXSourcesBuildPhase section */
		DD5118FD1CA2E7C800B6EC51 /* Sources */ = {
			isa = PBXSourcesBuildPhase;
			buildActionMask = 2147483647;
			files = (
				DD5119071CA2E7C800B6EC51 /* ViewController.swift in Sources */,
				DD5119051CA2E7C800B6EC51 /* AppDelegate.swift in Sources */,
			);
			runOnlyForDeploymentPostprocessing = 0;
		};
/* End PBXSourcesBuildPhase section */

/* Begin PBXVariantGroup section */
		DD5119081CA2E7C800B6EC51 /* Main.storyboard */ = {
			isa = PBXVariantGroup;
			children = (
				DD5119091CA2E7C800B6EC51 /* Base */,
			);
			name = Main.storyboard;
			sourceTree = "<group>";
		};
		DD51190D1CA2E7C800B6EC51 /* LaunchScreen.storyboard */ = {
			isa = PBXVariantGroup;
			children = (
				DD51190E1CA2E7C800B6EC51 /* Base */,
			);
			name = LaunchScreen.storyboard;
			sourceTree = "<group>";
		};
/* End PBXVariantGroup section */

/* Begin XCBuildConfiguration section */
		DD5119111CA2E7C800B6EC51 /* Debug */ = {
			isa = XCBuildConfiguration;
			buildSettings = {
				ALWAYS_SEARCH_USER_PATHS = NO;
				CLANG_CXX_LANGUAGE_STANDARD = "gnu++0x";
				CLANG_CXX_LIBRARY = "libc++";
				CLANG_ENABLE_MODULES = YES;
				CLANG_ENABLE_OBJC_ARC = YES;
				CLANG_WARN_BOOL_CONVERSION = YES;
				CLANG_WARN_CONSTANT_CONVERSION = YES;
				CLANG_WARN_DIRECT_OBJC_ISA_USAGE = YES_ERROR;
				CLANG_WARN_EMPTY_BODY = YES;
				CLANG_WARN_ENUM_CONVERSION = YES;
				CLANG_WARN_INT_CONVERSION = YES;
				CLANG_WARN_OBJC_ROOT_CLASS = YES_ERROR;
				CLANG_WARN_UNREACHABLE_CODE = YES;
				CLANG_WARN__DUPLICATE_METHOD_MATCH = YES;
				"CODE_SIGN_IDENTITY[sdk=iphoneos*]" = "iPhone Developer";
				COPY_PHASE_STRIP = NO;
				DEBUG_INFORMATION_FORMAT = dwarf;
				ENABLE_STRICT_OBJC_MSGSEND = YES;
				ENABLE_TESTABILITY = YES;
				GCC_C_LANGUAGE_STANDARD = gnu99;
				GCC_DYNAMIC_NO_PIC = NO;
				GCC_NO_COMMON_BLOCKS = YES;
				GCC_OPTIMIZATION_LEVEL = 0;
				GCC_PREPROCESSOR_DEFINITIONS = (
					"DEBUG=1",
					"$(inherited)",
				);
				GCC_WARN_64_TO_32_BIT_CONVERSION = YES;
				GCC_WARN_ABOUT_RETURN_TYPE = YES_ERROR;
				GCC_WARN_UNDECLARED_SELECTOR = YES;
				GCC_WARN_UNINITIALIZED_AUTOS = YES_AGGRESSIVE;
				GCC_WARN_UNUSED_FUNCTION = YES;
				GCC_WARN_UNUSED_VARIABLE = YES;
				IPHONEOS_DEPLOYMENT_TARGET = 9.2;
				MTL_ENABLE_DEBUG_INFO = YES;
				ONLY_ACTIVE_ARCH = YES;
				SDKROOT = iphoneos;
				SWIFT_OPTIMIZATION_LEVEL = "-Onone";
			};
			name = Debug;
		};
		DD5119121CA2E7C800B6EC51 /* Release */ = {
			isa = XCBuildConfiguration;
			buildSettings = {
				ALWAYS_SEARCH_USER_PATHS = NO;
				CLANG_CXX_LANGUAGE_STANDARD = "gnu++0x";
				CLANG_CXX_LIBRARY = "libc++";
				CLANG_ENABLE_MODULES = YES;
				CLANG_ENABLE_OBJC_ARC = YES;
				CLANG_WARN_BOOL_CONVERSION = YES;
				CLANG_WARN_CONSTANT_CONVERSION = YES;
				CLANG_WARN_DIRECT_OBJC_ISA_USAGE = YES_ERROR;
				CLANG_WARN_EMPTY_BODY = YES;
				CLANG_WARN_ENUM_CONVERSION = YES;
				CLANG_WARN_INT_CONVERSION = YES;
				CLANG_WARN_OBJC_ROOT_CLASS = YES_ERROR;
				CLANG_WARN_UNREACHABLE_CODE = YES;
				CLANG_WARN__DUPLICATE_METHOD_MATCH = YES;
				"CODE_SIGN_IDENTITY[sdk=iphoneos*]" = "iPhone Developer";
				COPY_PHASE_STRIP = NO;
				DEBUG_INFORMATION_FORMAT = "dwarf-with-dsym";
				ENABLE_NS_ASSERTIONS = NO;
				ENABLE_STRICT_OBJC_MSGSEND = YES;
				GCC_C_LANGUAGE_STANDARD = gnu99;
				GCC_NO_COMMON_BLOCKS = YES;
				GCC_WARN_64_TO_32_BIT_CONVERSION = YES;
				GCC_WARN_ABOUT_RETURN_TYPE = YES_ERROR;
				GCC_WARN_UNDECLARED_SELECTOR = YES;
				GCC_WARN_UNINITIALIZED_AUTOS = YES_AGGRESSIVE;
				GCC_WARN_UNUSED_FUNCTION = YES;
				GCC_WARN_UNUSED_VARIABLE = YES;
				IPHONEOS_DEPLOYMENT_TARGET = 9.2;
				MTL_ENABLE_DEBUG_INFO = NO;
				SDKROOT = iphoneos;
				VALIDATE_PRODUCT = YES;
			};
			name = Release;
		};
		DD5119141CA2E7C800B6EC51 /* Debug */ = {
			isa = XCBuildConfiguration;
			buildSettings = {
				ASSETCATALOG_COMPILER_APPICON_NAME = AppIcon;
				INFOPLIST_FILE = TestingGit/Info.plist;
				LD_RUNPATH_SEARCH_PATHS = "$(inherited) @executable_path/Frameworks";
				PRODUCT_BUNDLE_IDENTIFIER = com.parkerdonat.TestingGit;
				PRODUCT_NAME = "$(TARGET_NAME)";
			};
			name = Debug;
		};
		DD5119151CA2E7C800B6EC51 /* Release */ = {
			isa = XCBuildConfiguration;
			buildSettings = {
				ASSETCATALOG_COMPILER_APPICON_NAME = AppIcon;
				INFOPLIST_FILE = TestingGit/Info.plist;
				LD_RUNPATH_SEARCH_PATHS = "$(inherited) @executable_path/Frameworks";
				PRODUCT_BUNDLE_IDENTIFIER = com.parkerdonat.TestingGit;
				PRODUCT_NAME = "$(TARGET_NAME)";
			};
			name = Release;
		};
/* End XCBuildConfiguration section */

/* Begin XCConfigurationList section */
		DD5118FC1CA2E7C800B6EC51 /* Build configuration list for PBXProject "TestingGit" */ = {
			isa = XCConfigurationList;
			buildConfigurations = (
				DD5119111CA2E7C800B6EC51 /* Debug */,
				DD5119121CA2E7C800B6EC51 /* Release */,
			);
			defaultConfigurationIsVisible = 0;
			defaultConfigurationName = Release;
		};
		DD5119131CA2E7C800B6EC51 /* Build configuration list for PBXNativeTarget "TestingGit" */ = {
			isa = XCConfigurationList;
			buildConfigurations = (
				DD5119141CA2E7C800B6EC51 /* Debug */,
				DD5119151CA2E7C800B6EC51 /* Release */,
			);
			defaultConfigurationIsVisible = 0;
		};
/* End XCConfigurationList section */
	};
	rootObject = DD5118F91CA2E7C800B6EC51 /* Project object */;
}
